{
  "originHash" : "d37334636b2fcd7f21b518907f430e266f1d5160eea02a4f0323f02bcdef90fd",
  "pins" : [
    {
      "identity" : "apollo-ios",
      "kind" : "remoteSourceControl",
      "location" : "https://github.com/apollographql/apollo-ios.git",
      "state" : {
        "revision" : "562ee4185a8ecc7fbdef285e868c56e2fa1aa9db",
        "version" : "2.0.0"
      }
    },
    {
      "identity" : "lottie-ios",
      "kind" : "remoteSourceControl",
      "location" : "https://github.com/airbnb/lottie-ios.git",
      "state" : {
        "revision" : "a004050748dc197c56256a14dca49a035d74726c",
        "version" : "4.5.2"
      }
    }
  ],
  "version" : 3
}
