// !$*UTF8*$!
{
	archiveVersion = 1;
	classes = {
	};
	objectVersion = 77;
	objects = {

/* Begin PBXBuildFile section */
		87348EA92EE9E4C20055BC0C /* GoogleSignIn in Frameworks */ = {isa = PBXBuildFile; productRef = 87348EA82EE9E4C20055BC0C /* GoogleSignIn */; };
		87348EAB2EE9E4C20055BC0C /* GoogleSignInSwift in Frameworks */ = {isa = PBXBuildFile; productRef = 87348EAA2EE9E4C20055BC0C /* GoogleSignInSwift */; };
		879D684B2EB004D60045F86E /* Stripe in Frameworks */ = {isa = PBXBuildFile; productRef = 879D684A2EB004D60045F86E /* Stripe */; };
		879D684D2EB004D60045F86E /* StripePaymentSheet in Frameworks */ = {isa = PBXBuildFile; productRef = 879D684C2EB004D60045F86E /* StripePaymentSheet */; };
		87B147A62E9346C400A515EF /* AppIcon.icon in Resources */ = {isa = PBXBuildFile; fileRef = 87B147A52E9346C400A515EF /* AppIcon.icon */; };
		87CB52972E90242F00618C59 /* Apollo in Frameworks */ = {isa = PBXBuildFile; productRef = 87CB52962E90242F00618C59 /* Apollo */; };
		87CB52992E90242F00618C59 /* ApolloAPI in Frameworks */ = {isa = PBXBuildFile; productRef = 87CB52982E90242F00618C59 /* ApolloAPI */; };
		87CB529B2E90242F00618C59 /* ApolloSQLite in Frameworks */ = {isa = PBXBuildFile; productRef = 87CB529A2E90242F00618C59 /* ApolloSQLite */; };
		87CB529D2E90242F00618C59 /* ApolloWebSocket in Frameworks */ = {isa = PBXBuildFile; productRef = 87CB529C2E90242F00618C59 /* ApolloWebSocket */; };
		87D766B02E91C0B5003D2461 /* Lottie in Frameworks */ = {isa = PBXBuildFile; productRef = 87D766AF2E91C0B5003D2461 /* Lottie */; };
		D304E2C92F386705002BB7C4 /* WidgetKit.framework in Frameworks */ = {isa = PBXBuildFile; fileRef = D304E2C82F386705002BB7C4 /* WidgetKit.framework */; };
		D304E2CB2F386705002BB7C4 /* SwiftUI.framework in Frameworks */ = {isa = PBXBuildFile; fileRef = D304E2CA2F386705002BB7C4 /* SwiftUI.framework */; };
		D304E2D82F386708002BB7C4 /* LlegoWidgetExtensionExtension.appex in Embed Foundation Extensions */ = {isa = PBXBuildFile; fileRef = D304E2C62F386705002BB7C4 /* LlegoWidgetExtensionExtension.appex */; settings = {ATTRIBUTES = (RemoveHeadersOnCopy, ); }; };
/* End PBXBuildFile section */

/* Begin PBXContainerItemProxy section */
		D304E2D62F386708002BB7C4 /* PBXContainerItemProxy */ = {
			isa = PBXContainerItemProxy;
			containerPortal = 87F968C52E8F622A00EC1A7C /* Project object */;
			proxyType = 1;
			remoteGlobalIDString = D304E2C52F386705002BB7C4;
			remoteInfo = LlegoWidgetExtensionExtension;
		};
/* End PBXContainerItemProxy section */

/* Begin PBXCopyFilesBuildPhase section */
		87B49C2D2EAFCE6D002EF780 /* Embed Watch Content */ = {
			isa = PBXCopyFilesBuildPhase;
			buildActionMask = 2147483647;
			dstPath = "$(CONTENTS_FOLDER_PATH)/Watch";
			dstSubfolderSpec = 16;
			files = (
			);
			name = "Embed Watch Content";
			runOnlyForDeploymentPostprocessing = 0;
		};
		D304E2DD2F386708002BB7C4 /* Embed Foundation Extensions */ = {
			isa = PBXCopyFilesBuildPhase;
			buildActionMask = 2147483647;
			dstPath = "";
			dstSubfolderSpec = 13;
			files = (
				D304E2D82F386708002BB7C4 /* LlegoWidgetExtensionExtension.appex in Embed Foundation Extensions */,
			);
			name = "Embed Foundation Extensions";
			runOnlyForDeploymentPostprocessing = 0;
		};
/* End PBXCopyFilesBuildPhase section */

/* Begin PBXFileReference section */
		87B147A52E9346C400A515EF /* AppIcon.icon */ = {isa = PBXFileReference; lastKnownFileType = folder.iconcomposer.icon; path = AppIcon.icon; sourceTree = "<group>"; };
		87F968CD2E8F622A00EC1A7C /* LlegoiOS.app */ = {isa = PBXFileReference; explicitFileType = wrapper.application; includeInIndex = 0; path = LlegoiOS.app; sourceTree = BUILT_PRODUCTS_DIR; };
		D304E2C62F386705002BB7C4 /* LlegoWidgetExtensionExtension.appex */ = {isa = PBXFileReference; explicitFileType = "wrapper.app-extension"; includeInIndex = 0; path = LlegoWidgetExtensionExtension.appex; sourceTree = BUILT_PRODUCTS_DIR; };
		D304E2C82F386705002BB7C4 /* WidgetKit.framework */ = {isa = PBXFileReference; lastKnownFileType = wrapper.framework; name = WidgetKit.framework; path = System/Library/Frameworks/WidgetKit.framework; sourceTree = SDKROOT; };
		D304E2CA2F386705002BB7C4 /* SwiftUI.framework */ = {isa = PBXFileReference; lastKnownFileType = wrapper.framework; name = SwiftUI.framework; path = System/Library/Frameworks/SwiftUI.framework; sourceTree = SDKROOT; };
/* End PBXFileReference section */

/* Begin PBXFileSystemSynchronizedBuildFileExceptionSet section */
		87F740BD2EBD526300D775F3 /* Exceptions for "LlegoiOS" folder in "LlegoiOS" target */ = {
			isa = PBXFileSystemSynchronizedBuildFileExceptionSet;
			membershipExceptions = (
				Info.plist,
			);
			target = 87F968CC2E8F622A00EC1A7C /* LlegoiOS */;
		};
		D304E2DC2F386708002BB7C4 /* Exceptions for "LlegoWidgetExtension" folder in "LlegoWidgetExtensionExtension" target */ = {
			isa = PBXFileSystemSynchronizedBuildFileExceptionSet;
			membershipExceptions = (
				Info.plist,
			);
			target = D304E2C52F386705002BB7C4 /* LlegoWidgetExtensionExtension */;
		};
/* End PBXFileSystemSynchronizedBuildFileExceptionSet section */

/* Begin PBXFileSystemSynchronizedRootGroup section */
		87B49C232EAFCE6B002EF780 /* LeegoWatchOS Watch App */ = {
			isa = PBXFileSystemSynchronizedRootGroup;
			path = "LeegoWatchOS Watch App";
			sourceTree = "<group>";
		};
		87F968CF2E8F622A00EC1A7C /* LlegoiOS */ = {
			isa = PBXFileSystemSynchronizedRootGroup;
			exceptions = (
				87F740BD2EBD526300D775F3 /* Exceptions for "LlegoiOS" folder in "LlegoiOS" target */,
			);
			path = LlegoiOS;
			sourceTree = "<group>";
		};
		D304E2CC2F386705002BB7C4 /* LlegoWidgetExtension */ = {
			isa = PBXFileSystemSynchronizedRootGroup;
			exceptions = (
				D304E2DC2F386708002BB7C4 /* Exceptions for "LlegoWidgetExtension" folder in "LlegoWidgetExtensionExtension" target */,
			);
			path = LlegoWidgetExtension;
			sourceTree = "<group>";
		};
/* End PBXFileSystemSynchronizedRootGroup section */

/* Begin PBXFrameworksBuildPhase section */
		87F968CA2E8F622A00EC1A7C /* Frameworks */ = {
			isa = PBXFrameworksBuildPhase;
			buildActionMask = 2147483647;
			files = (
				87348EAB2EE9E4C20055BC0C /* GoogleSignInSwift in Frameworks */,
				87D766B02E91C0B5003D2461 /* Lottie in Frameworks */,
				87348EA92EE9E4C20055BC0C /* GoogleSignIn in Frameworks */,
				87CB52992E90242F00618C59 /* ApolloAPI in Frameworks */,
				87CB529D2E90242F00618C59 /* ApolloWebSocket in Frameworks */,
				87CB52972E90242F00618C59 /* Apollo in Frameworks */,
				879D684D2EB004D60045F86E /* StripePaymentSheet in Frameworks */,
				87CB529B2E90242F00618C59 /* ApolloSQLite in Frameworks */,
				879D684B2EB004D60045F86E /* Stripe in Frameworks */,
			);
			runOnlyForDeploymentPostprocessing = 0;
		};
		D304E2C32F386705002BB7C4 /* Frameworks */ = {
			isa = PBXFrameworksBuildPhase;
			buildActionMask = 2147483647;
			files = (
				D304E2CB2F386705002BB7C4 /* SwiftUI.framework in Frameworks */,
				D304E2C92F386705002BB7C4 /* WidgetKit.framework in Frameworks */,
			);
			runOnlyForDeploymentPostprocessing = 0;
		};
/* End PBXFrameworksBuildPhase section */

/* Begin PBXGroup section */
		095875A3AD4E80E59A68CD27 /* Pods */ = {
			isa = PBXGroup;
			children = (
			);
			path = Pods;
			sourceTree = "<group>";
		};
		87F968C42E8F622A00EC1A7C = {
			isa = PBXGroup;
			children = (
				87F968CF2E8F622A00EC1A7C /* LlegoiOS */,
				87B49C232EAFCE6B002EF780 /* LeegoWatchOS Watch App */,
				D304E2CC2F386705002BB7C4 /* LlegoWidgetExtension */,
				D304E2C72F386705002BB7C4 /* Frameworks */,
				87F968CE2E8F622A00EC1A7C /* Products */,
				095875A3AD4E80E59A68CD27 /* Pods */,
				87B147A52E9346C400A515EF /* AppIcon.icon */,
			);
			sourceTree = "<group>";
		};
		87F968CE2E8F622A00EC1A7C /* Products */ = {
			isa = PBXGroup;
			children = (
				87F968CD2E8F622A00EC1A7C /* LlegoiOS.app */,
				D304E2C62F386705002BB7C4 /* LlegoWidgetExtensionExtension.appex */,
			);
			name = Products;
			sourceTree = "<group>";
		};
		D304E2C72F386705002BB7C4 /* Frameworks */ = {
			isa = PBXGroup;
			children = (
				D304E2C82F386705002BB7C4 /* WidgetKit.framework */,
				D304E2CA2F386705002BB7C4 /* SwiftUI.framework */,
			);
			name = Frameworks;
			sourceTree = "<group>";
		};
/* End PBXGroup section */

/* Begin PBXNativeTarget section */
		87F968CC2E8F622A00EC1A7C /* LlegoiOS */ = {
			isa = PBXNativeTarget;
			buildConfigurationList = 87F968D82E8F622C00EC1A7C /* Build configuration list for PBXNativeTarget "LlegoiOS" */;
			buildPhases = (
				87F968C92E8F622A00EC1A7C /* Sources */,
				87F968CA2E8F622A00EC1A7C /* Frameworks */,
				87F968CB2E8F622A00EC1A7C /* Resources */,
				87B49C2D2EAFCE6D002EF780 /* Embed Watch Content */,
				D304E2DD2F386708002BB7C4 /* Embed Foundation Extensions */,
			);
			buildRules = (
			);
			dependencies = (
				D304E2D72F386708002BB7C4 /* PBXTargetDependency */,
			);
			fileSystemSynchronizedGroups = (
				87F968CF2E8F622A00EC1A7C /* LlegoiOS */,
			);
			name = LlegoiOS;
			packageProductDependencies = (
				87CB52962E90242F00618C59 /* Apollo */,
				87CB52982E90242F00618C59 /* ApolloAPI */,
				87CB529A2E90242F00618C59 /* ApolloSQLite */,
				87CB529C2E90242F00618C59 /* ApolloWebSocket */,
				87D766AF2E91C0B5003D2461 /* Lottie */,
				879D684A2EB004D60045F86E /* Stripe */,
				879D684C2EB004D60045F86E /* StripePaymentSheet */,
				87348EA82EE9E4C20055BC0C /* GoogleSignIn */,
				87348EAA2EE9E4C20055BC0C /* GoogleSignInSwift */,
			);
			productName = LlegoiOS;
			productReference = 87F968CD2E8F622A00EC1A7C /* LlegoiOS.app */;
			productType = "com.apple.product-type.application";
		};
		D304E2C52F386705002BB7C4 /* LlegoWidgetExtensionExtension */ = {
			isa = PBXNativeTarget;
			buildConfigurationList = D304E2D92F386708002BB7C4 /* Build configuration list for PBXNativeTarget "LlegoWidgetExtensionExtension" */;
			buildPhases = (
				D304E2C22F386705002BB7C4 /* Sources */,
				D304E2C32F386705002BB7C4 /* Frameworks */,
				D304E2C42F386705002BB7C4 /* Resources */,
			);
			buildRules = (
			);
			dependencies = (
			);
			fileSystemSynchronizedGroups = (
				D304E2CC2F386705002BB7C4 /* LlegoWidgetExtension */,
			);
			name = LlegoWidgetExtensionExtension;
			packageProductDependencies = (
			);
			productName = LlegoWidgetExtensionExtension;
			productReference = D304E2C62F386705002BB7C4 /* LlegoWidgetExtensionExtension.appex */;
			productType = "com.apple.product-type.app-extension";
		};
/* End PBXNativeTarget section */

/* Begin PBXProject section */
		87F968C52E8F622A00EC1A7C /* Project object */ = {
			isa = PBXProject;
			attributes = {
				BuildIndependentTargetsInParallel = 1;
				LastSwiftUpdateCheck = 2620;
				LastUpgradeCheck = 2600;
				TargetAttributes = {
					87F968CC2E8F622A00EC1A7C = {
						CreatedOnToolsVersion = 26.0.1;
					};
					D304E2C52F386705002BB7C4 = {
						CreatedOnToolsVersion = 26.2;
					};
				};
			};
			buildConfigurationList = 87F968C82E8F622A00EC1A7C /* Build configuration list for PBXProject "LlegoiOS" */;
			developmentRegion = en;
			hasScannedForEncodings = 0;
			knownRegions = (
				en,
				Base,
			);
			mainGroup = 87F968C42E8F622A00EC1A7C;
			minimizedProjectReferenceProxies = 1;
			packageReferences = (
				87CB52952E90242F00618C59 /* XCRemoteSwiftPackageReference "apollo-ios" */,
				87D766AE2E91C0B5003D2461 /* XCRemoteSwiftPackageReference "lottie-ios" */,
				879D68492EB004D60045F86E /* XCRemoteSwiftPackageReference "stripe-ios-spm" */,
				87348EA72EE9E4C20055BC0C /* XCRemoteSwiftPackageReference "GoogleSignIn-iOS" */,
			);
			preferredProjectObjectVersion = 77;
			productRefGroup = 87F968CE2E8F622A00EC1A7C /* Products */;
			projectDirPath = "";
			projectRoot = "";
			targets = (
				87F968CC2E8F622A00EC1A7C /* LlegoiOS */,
				D304E2C52F386705002BB7C4 /* LlegoWidgetExtensionExtension */,
			);
		};
/* End PBXProject section */

/* Begin PBXResourcesBuildPhase section */
		87F968CB2E8F622A00EC1A7C /* Resources */ = {
			isa = PBXResourcesBuildPhase;
			buildActionMask = 2147483647;
			files = (
				87B147A62E9346C400A515EF /* AppIcon.icon in Resources */,
			);
			runOnlyForDeploymentPostprocessing = 0;
		};
		D304E2C42F386705002BB7C4 /* Resources */ = {
			isa = PBXResourcesBuildPhase;
			buildActionMask = 2147483647;
			files = (
			);
			runOnlyForDeploymentPostprocessing = 0;
		};
/* End PBXResourcesBuildPhase section */

/* Begin PBXSourcesBuildPhase section */
		87F968C92E8F622A00EC1A7C /* Sources */ = {
			isa = PBXSourcesBuildPhase;
			buildActionMask = 2147483647;
			files = (
			);
			runOnlyForDeploymentPostprocessing = 0;
		};
		D304E2C22F386705002BB7C4 /* Sources */ = {
			isa = PBXSourcesBuildPhase;
			buildActionMask = 2147483647;
			files = (
			);
			runOnlyForDeploymentPostprocessing = 0;
		};
/* End PBXSourcesBuildPhase section */

/* Begin PBXTargetDependency section */
		D304E2D72F386708002BB7C4 /* PBXTargetDependency */ = {
			isa = PBXTargetDependency;
			target = D304E2C52F386705002BB7C4 /* LlegoWidgetExtensionExtension */;
			targetProxy = D304E2D62F386708002BB7C4 /* PBXContainerItemProxy */;
		};
/* End PBXTargetDependency section */

/* Begin XCBuildConfiguration section */
		87F968D62E8F622C00EC1A7C /* Debug */ = {
			isa = XCBuildConfiguration;
			buildSettings = {
				ALWAYS_SEARCH_USER_PATHS = NO;
				ASSETCATALOG_COMPILER_GENERATE_SWIFT_ASSET_SYMBOL_EXTENSIONS = YES;
				CLANG_ANALYZER_NONNULL = YES;
				CLANG_ANALYZER_NUMBER_OBJECT_CONVERSION = YES_AGGRESSIVE;
				CLANG_CXX_LANGUAGE_STANDARD = "gnu++20";
				CLANG_ENABLE_MODULES = YES;
				CLANG_ENABLE_OBJC_ARC = YES;
				CLANG_ENABLE_OBJC_WEAK = YES;
				CLANG_WARN_BLOCK_CAPTURE_AUTORELEASING = YES;
				CLANG_WARN_BOOL_CONVERSION = YES;
				CLANG_WARN_COMMA = YES;
				CLANG_WARN_CONSTANT_CONVERSION = YES;
				CLANG_WARN_DEPRECATED_OBJC_IMPLEMENTATIONS = YES;
				CLANG_WARN_DIRECT_OBJC_ISA_USAGE = YES_ERROR;
				CLANG_WARN_DOCUMENTATION_COMMENTS = YES;
				CLANG_WARN_EMPTY_BODY = YES;
				CLANG_WARN_ENUM_CONVERSION = YES;
				CLANG_WARN_INFINITE_RECURSION = YES;
				CLANG_WARN_INT_CONVERSION = YES;
				CLANG_WARN_NON_LITERAL_NULL_CONVERSION = YES;
				CLANG_WARN_OBJC_IMPLICIT_RETAIN_SELF = YES;
				CLANG_WARN_OBJC_LITERAL_CONVERSION = YES;
				CLANG_WARN_OBJC_ROOT_CLASS = YES_ERROR;
				CLANG_WARN_QUOTED_INCLUDE_IN_FRAMEWORK_HEADER = YES;
				CLANG_WARN_RANGE_LOOP_ANALYSIS = YES;
				CLANG_WARN_STRICT_PROTOTYPES = YES;
				CLANG_WARN_SUSPICIOUS_MOVE = YES;
				CLANG_WARN_UNGUARDED_AVAILABILITY = YES_AGGRESSIVE;
				CLANG_WARN_UNREACHABLE_CODE = YES;
				CLANG_WARN__DUPLICATE_METHOD_MATCH = YES;
				COPY_PHASE_STRIP = NO;
				DEBUG_INFORMATION_FORMAT = dwarf;
				DEVELOPMENT_TEAM = Z398HHQ7B4;
				ENABLE_STRICT_OBJC_MSGSEND = YES;
				ENABLE_TESTABILITY = YES;
				ENABLE_USER_SCRIPT_SANDBOXING = YES;
				GCC_C_LANGUAGE_STANDARD = gnu17;
				GCC_DYNAMIC_NO_PIC = NO;
				GCC_NO_COMMON_BLOCKS = YES;
				GCC_OPTIMIZATION_LEVEL = 0;
				GCC_PREPROCESSOR_DEFINITIONS = (
					"DEBUG=1",
					"$(inherited)",
				);
				GCC_WARN_64_TO_32_BIT_CONVERSION = YES;
				GCC_WARN_ABOUT_RETURN_TYPE = YES_ERROR;
				GCC_WARN_UNDECLARED_SELECTOR = YES;
				GCC_WARN_UNINITIALIZED_AUTOS = YES_AGGRESSIVE;
				GCC_WARN_UNUSED_FUNCTION = YES;
				GCC_WARN_UNUSED_VARIABLE = YES;
				IPHONEOS_DEPLOYMENT_TARGET = 26.0;
				LOCALIZATION_PREFERS_STRING_CATALOGS = YES;
				ONLY_ACTIVE_ARCH = YES;
				SDKROOT = iphoneos;
				SWIFT_ACTIVE_COMPILATION_CONDITIONS = "DEBUG $(inherited)";
				SWIFT_OPTIMIZATION_LEVEL = "-Onone";
			};
			name = Debug;
		};
		87F968D72E8F622C00EC1A7C /* Release */ = {
			isa = XCBuildConfiguration;
			buildSettings = {
				ALWAYS_SEARCH_USER_PATHS = NO;
				ASSETCATALOG_COMPILER_GENERATE_SWIFT_ASSET_SYMBOL_EXTENSIONS = YES;
				CLANG_ANALYZER_NONNULL = YES;
				CLANG_ANALYZER_NUMBER_OBJECT_CONVERSION = YES_AGGRESSIVE;
				CLANG_CXX_LANGUAGE_STANDARD = "gnu++20";
				CLANG_ENABLE_MODULES = YES;
				CLANG_ENABLE_OBJC_ARC = YES;
				CLANG_ENABLE_OBJC_WEAK = YES;
				CLANG_WARN_BLOCK_CAPTURE_AUTORELEASING = YES;
				CLANG_WARN_BOOL_CONVERSION = YES;
				CLANG_WARN_COMMA = YES;
				CLANG_WARN_CONSTANT_CONVERSION = YES;
				CLANG_WARN_DEPRECATED_OBJC_IMPLEMENTATIONS = YES;
				CLANG_WARN_DIRECT_OBJC_ISA_USAGE = YES_ERROR;
				CLANG_WARN_DOCUMENTATION_COMMENTS = YES;
				CLANG_WARN_EMPTY_BODY = YES;
				CLANG_WARN_ENUM_CONVERSION = YES;
				CLANG_WARN_INFINITE_RECURSION = YES;
				CLANG_WARN_INT_CONVERSION = YES;
				CLANG_WARN_NON_LITERAL_NULL_CONVERSION = YES;
				CLANG_WARN_OBJC_IMPLICIT_RETAIN_SELF = YES;
				CLANG_WARN_OBJC_LITERAL_CONVERSION = YES;
				CLANG_WARN_OBJC_ROOT_CLASS = YES_ERROR;
				CLANG_WARN_QUOTED_INCLUDE_IN_FRAMEWORK_HEADER = YES;
				CLANG_WARN_RANGE_LOOP_ANALYSIS = YES;
				CLANG_WARN_STRICT_PROTOTYPES = YES;
				CLANG_WARN_SUSPICIOUS_MOVE = YES;
				CLANG_WARN_UNGUARDED_AVAILABILITY = YES_AGGRESSIVE;
				CLANG_WARN_UNREACHABLE_CODE = YES;
				CLANG_WARN__DUPLICATE_METHOD_MATCH = YES;
				COPY_PHASE_STRIP = NO;
				DEBUG_INFORMATION_FORMAT = "dwarf-with-dsym";
				DEVELOPMENT_TEAM = Z398HHQ7B4;
				ENABLE_NS_ASSERTIONS = NO;
				ENABLE_STRICT_OBJC_MSGSEND = YES;
				ENABLE_USER_SCRIPT_SANDBOXING = YES;
				GCC_C_LANGUAGE_STANDARD = gnu17;
				GCC_NO_COMMON_BLOCKS = YES;
				GCC_WARN_64_TO_32_BIT_CONVERSION = YES;
				GCC_WARN_ABOUT_RETURN_TYPE = YES_ERROR;
				GCC_WARN_UNDECLARED_SELECTOR = YES;
				GCC_WARN_UNINITIALIZED_AUTOS = YES_AGGRESSIVE;
				GCC_WARN_UNUSED_FUNCTION = YES;
				GCC_WARN_UNUSED_VARIABLE = YES;
				IPHONEOS_DEPLOYMENT_TARGET = 26.0;
				LOCALIZATION_PREFERS_STRING_CATALOGS = YES;
				SDKROOT = iphoneos;
				SWIFT_COMPILATION_MODE = wholemodule;
				VALIDATE_PRODUCT = YES;
			};
			name = Release;
		};
		87F968D92E8F622C00EC1A7C /* Debug */ = {
			isa = XCBuildConfiguration;
			buildSettings = {
				ASSETCATALOG_COMPILER_APPICON_NAME = AppIcon;
				ASSETCATALOG_COMPILER_GLOBAL_ACCENT_COLOR_NAME = AccentColor;
				ASSETCATALOG_COMPILER_INCLUDE_ALL_APPICON_ASSETS = NO;
				CODE_SIGN_ENTITLEMENTS = LlegoiOS/LlegoiOS.entitlements;
				CODE_SIGN_IDENTITY = "Apple Development";
				CODE_SIGN_STYLE = Automatic;
				CURRENT_PROJECT_VERSION = 6;
				DEVELOPMENT_TEAM = 3978UBKA75;
				ENABLE_PREVIEWS = YES;
				GENERATE_INFOPLIST_FILE = YES;
				INFOPLIST_FILE = LlegoiOS/Info.plist;
				INFOPLIST_KEY_CFBundleDisplayName = "Llegó";
				INFOPLIST_KEY_LSApplicationCategoryType = "public.app-category.shopping";
				INFOPLIST_KEY_NSCameraUsageDescription = "Para escaneo de tarjetas";
				INFOPLIST_KEY_NSLocationWhenInUseUsageDescription = "Para envios";
				INFOPLIST_KEY_UIApplicationSceneManifest_Generation = YES;
				INFOPLIST_KEY_UIApplicationSupportsIndirectInputEvents = YES;
				INFOPLIST_KEY_UILaunchScreen_Generation = YES;
				INFOPLIST_KEY_UISupportedInterfaceOrientations = UIInterfaceOrientationPortrait;
				INFOPLIST_KEY_UISupportedInterfaceOrientations_iPad = "UIInterfaceOrientationLandscapeLeft UIInterfaceOrientationLandscapeRight UIInterfaceOrientationPortrait UIInterfaceOrientationPortraitUpsideDown";
				IPHONEOS_DEPLOYMENT_TARGET = 17.6;
				LD_RUNPATH_SEARCH_PATHS = (
					"$(inherited)",
					"@executable_path/Frameworks",
				);
				MARKETING_VERSION = 1.3;
				PRODUCT_BUNDLE_IDENTIFIER = com.ruben.LlegoiOS;
				PRODUCT_NAME = "$(TARGET_NAME)";
				PROVISIONING_PROFILE_SPECIFIER = "";
				STRING_CATALOG_GENERATE_SYMBOLS = YES;
				SUPPORTED_PLATFORMS = "iphoneos iphonesimulator";
				SUPPORTS_MACCATALYST = NO;
				SUPPORTS_MAC_DESIGNED_FOR_IPHONE_IPAD = NO;
				SUPPORTS_XR_DESIGNED_FOR_IPHONE_IPAD = NO;
				SWIFT_APPROACHABLE_CONCURRENCY = YES;
				SWIFT_DEFAULT_ACTOR_ISOLATION = nonisolated;
				SWIFT_EMIT_LOC_STRINGS = YES;
				SWIFT_UPCOMING_FEATURE_MEMBER_IMPORT_VISIBILITY = YES;
				SWIFT_VERSION = 6.0;
				TARGETED_DEVICE_FAMILY = 1;
			};
			name = Debug;
		};
		87F968DA2E8F622C00EC1A7C /* Release */ = {
			isa = XCBuildConfiguration;
			buildSettings = {
				ASSETCATALOG_COMPILER_APPICON_NAME = AppIcon;
				ASSETCATALOG_COMPILER_GLOBAL_ACCENT_COLOR_NAME = AccentColor;
				ASSETCATALOG_COMPILER_INCLUDE_ALL_APPICON_ASSETS = NO;
				CODE_SIGN_ENTITLEMENTS = LlegoiOS/LlegoiOS.entitlements;
				CODE_SIGN_IDENTITY = "Apple Development";
				CODE_SIGN_STYLE = Automatic;
				CURRENT_PROJECT_VERSION = 6;
				DEVELOPMENT_TEAM = 3978UBKA75;
				ENABLE_PREVIEWS = YES;
				GENERATE_INFOPLIST_FILE = YES;
				INFOPLIST_FILE = LlegoiOS/Info.plist;
				INFOPLIST_KEY_CFBundleDisplayName = "Llegó";
				INFOPLIST_KEY_LSApplicationCategoryType = "public.app-category.shopping";
				INFOPLIST_KEY_NSCameraUsageDescription = "Para escaneo de tarjetas";
				INFOPLIST_KEY_NSLocationWhenInUseUsageDescription = "Para envios";
				INFOPLIST_KEY_UIApplicationSceneManifest_Generation = YES;
				INFOPLIST_KEY_UIApplicationSupportsIndirectInputEvents = YES;
				INFOPLIST_KEY_UILaunchScreen_Generation = YES;
				INFOPLIST_KEY_UISupportedInterfaceOrientations = UIInterfaceOrientationPortrait;
				INFOPLIST_KEY_UISupportedInterfaceOrientations_iPad = "UIInterfaceOrientationLandscapeLeft UIInterfaceOrientationLandscapeRight UIInterfaceOrientationPortrait UIInterfaceOrientationPortraitUpsideDown";
				IPHONEOS_DEPLOYMENT_TARGET = 17.6;
				LD_RUNPATH_SEARCH_PATHS = (
					"$(inherited)",
					"@executable_path/Frameworks",
				);
				MARKETING_VERSION = 1.3;
				PRODUCT_BUNDLE_IDENTIFIER = com.ruben.LlegoiOS;
				PRODUCT_NAME = "$(TARGET_NAME)";
				PROVISIONING_PROFILE_SPECIFIER = "";
				STRING_CATALOG_GENERATE_SYMBOLS = YES;
				SUPPORTED_PLATFORMS = "iphoneos iphonesimulator";
				SUPPORTS_MACCATALYST = NO;
				SUPPORTS_MAC_DESIGNED_FOR_IPHONE_IPAD = NO;
				SUPPORTS_XR_DESIGNED_FOR_IPHONE_IPAD = NO;
				SWIFT_APPROACHABLE_CONCURRENCY = YES;
				SWIFT_DEFAULT_ACTOR_ISOLATION = nonisolated;
				SWIFT_EMIT_LOC_STRINGS = YES;
				SWIFT_UPCOMING_FEATURE_MEMBER_IMPORT_VISIBILITY = YES;
				SWIFT_VERSION = 6.0;
				TARGETED_DEVICE_FAMILY = 1;
			};
			name = Release;
		};
		D304E2DA2F386708002BB7C4 /* Debug */ = {
			isa = XCBuildConfiguration;
			buildSettings = {
				ASSETCATALOG_COMPILER_GLOBAL_ACCENT_COLOR_NAME = AccentColor;
				ASSETCATALOG_COMPILER_WIDGET_BACKGROUND_COLOR_NAME = WidgetBackground;
				CODE_SIGN_IDENTITY = "Apple Development";
				CODE_SIGN_STYLE = Automatic;
				CURRENT_PROJECT_VERSION = 5;
				DEVELOPMENT_TEAM = 3978UBKA75;
				GENERATE_INFOPLIST_FILE = YES;
				INFOPLIST_FILE = LlegoWidgetExtension/Info.plist;
				INFOPLIST_KEY_CFBundleDisplayName = LlegoWidgetExtension;
				INFOPLIST_KEY_NSHumanReadableCopyright = "";
				IPHONEOS_DEPLOYMENT_TARGET = 26.2;
				LD_RUNPATH_SEARCH_PATHS = (
					"$(inherited)",
					"@executable_path/Frameworks",
					"@executable_path/../../Frameworks",
				);
				MARKETING_VERSION = 1.3;
				MTL_ENABLE_DEBUG_INFO = INCLUDE_SOURCE;
				MTL_FAST_MATH = YES;
				PRODUCT_BUNDLE_IDENTIFIER = com.ruben.LlegoiOS.LlegoWidgetExtensionDelivery;
				PRODUCT_NAME = "$(TARGET_NAME)";
				SKIP_INSTALL = YES;
				STRING_CATALOG_GENERATE_SYMBOLS = YES;
				SWIFT_APPROACHABLE_CONCURRENCY = YES;
				SWIFT_EMIT_LOC_STRINGS = YES;
				SWIFT_UPCOMING_FEATURE_MEMBER_IMPORT_VISIBILITY = YES;
				SWIFT_VERSION = 5.0;
				TARGETED_DEVICE_FAMILY = "1,2";
			};
			name = Debug;
		};
		D304E2DB2F386708002BB7C4 /* Release */ = {
			isa = XCBuildConfiguration;
			buildSettings = {
				ASSETCATALOG_COMPILER_GLOBAL_ACCENT_COLOR_NAME = AccentColor;
				ASSETCATALOG_COMPILER_WIDGET_BACKGROUND_COLOR_NAME = WidgetBackground;
				CODE_SIGN_IDENTITY = "Apple Development";
				CODE_SIGN_STYLE = Automatic;
				CURRENT_PROJECT_VERSION = 5;
				DEVELOPMENT_TEAM = 3978UBKA75;
				GENERATE_INFOPLIST_FILE = YES;
				INFOPLIST_FILE = LlegoWidgetExtension/Info.plist;
				INFOPLIST_KEY_CFBundleDisplayName = LlegoWidgetExtension;
				INFOPLIST_KEY_NSHumanReadableCopyright = "";
				IPHONEOS_DEPLOYMENT_TARGET = 26.2;
				LD_RUNPATH_SEARCH_PATHS = (
					"$(inherited)",
					"@executable_path/Frameworks",
					"@executable_path/../../Frameworks",
				);
				MARKETING_VERSION = 1.3;
				MTL_ENABLE_DEBUG_INFO = NO;
				MTL_FAST_MATH = YES;
				PRODUCT_BUNDLE_IDENTIFIER = com.ruben.LlegoiOS.LlegoWidgetExtensionDelivery;
				PRODUCT_NAME = "$(TARGET_NAME)";
				SKIP_INSTALL = YES;
				STRING_CATALOG_GENERATE_SYMBOLS = YES;
				SWIFT_APPROACHABLE_CONCURRENCY = YES;
				SWIFT_EMIT_LOC_STRINGS = YES;
				SWIFT_UPCOMING_FEATURE_MEMBER_IMPORT_VISIBILITY = YES;
				SWIFT_VERSION = 5.0;
				TARGETED_DEVICE_FAMILY = "1,2";
			};
			name = Release;
		};
/* End XCBuildConfiguration section */

/* Begin XCConfigurationList section */
		87F968C82E8F622A00EC1A7C /* Build configuration list for PBXProject "LlegoiOS" */ = {
			isa = XCConfigurationList;
			buildConfigurations = (
				87F968D62E8F622C00EC1A7C /* Debug */,
				87F968D72E8F622C00EC1A7C /* Release */,
			);
			defaultConfigurationIsVisible = 0;
			defaultConfigurationName = Release;
		};
		87F968D82E8F622C00EC1A7C /* Build configuration list for PBXNativeTarget "LlegoiOS" */ = {
			isa = XCConfigurationList;
			buildConfigurations = (
				87F968D92E8F622C00EC1A7C /* Debug */,
				87F968DA2E8F622C00EC1A7C /* Release */,
			);
			defaultConfigurationIsVisible = 0;
			defaultConfigurationName = Release;
		};
		D304E2D92F386708002BB7C4 /* Build configuration list for PBXNativeTarget "LlegoWidgetExtensionExtension" */ = {
			isa = XCConfigurationList;
			buildConfigurations = (
				D304E2DA2F386708002BB7C4 /* Debug */,
				D304E2DB2F386708002BB7C4 /* Release */,
			);
			defaultConfigurationIsVisible = 0;
			defaultConfigurationName = Release;
		};
/* End XCConfigurationList section */

/* Begin XCRemoteSwiftPackageReference section */
		87348EA72EE9E4C20055BC0C /* XCRemoteSwiftPackageReference "GoogleSignIn-iOS" */ = {
			isa = XCRemoteSwiftPackageReference;
			repositoryURL = "https://github.com/google/GoogleSignIn-iOS";
			requirement = {
				kind = exactVersion;
				version = 9.0.0;
			};
		};
		879D68492EB004D60045F86E /* XCRemoteSwiftPackageReference "stripe-ios-spm" */ = {
			isa = XCRemoteSwiftPackageReference;
			repositoryURL = "https://github.com/stripe/stripe-ios-spm";
			requirement = {
				kind = upToNextMajorVersion;
				minimumVersion = 24.24.4;
			};
		};
		87CB52952E90242F00618C59 /* XCRemoteSwiftPackageReference "apollo-ios" */ = {
			isa = XCRemoteSwiftPackageReference;
			repositoryURL = "https://github.com/apollographql/apollo-ios.git";
			requirement = {
				kind = upToNextMajorVersion;
				minimumVersion = 2.0.0;
			};
		};
		87D766AE2E91C0B5003D2461 /* XCRemoteSwiftPackageReference "lottie-ios" */ = {
			isa = XCRemoteSwiftPackageReference;
			repositoryURL = "https://github.com/airbnb/lottie-ios.git";
			requirement = {
				kind = upToNextMajorVersion;
				minimumVersion = 4.5.2;
			};
		};
/* End XCRemoteSwiftPackageReference section */

/* Begin XCSwiftPackageProductDependency section */
		87348EA82EE9E4C20055BC0C /* GoogleSignIn */ = {
			isa = XCSwiftPackageProductDependency;
			package = 87348EA72EE9E4C20055BC0C /* XCRemoteSwiftPackageReference "GoogleSignIn-iOS" */;
			productName = GoogleSignIn;
		};
		87348EAA2EE9E4C20055BC0C /* GoogleSignInSwift */ = {
			isa = XCSwiftPackageProductDependency;
			package = 87348EA72EE9E4C20055BC0C /* XCRemoteSwiftPackageReference "GoogleSignIn-iOS" */;
			productName = GoogleSignInSwift;
		};
		879D684A2EB004D60045F86E /* Stripe */ = {
			isa = XCSwiftPackageProductDependency;
			package = 879D68492EB004D60045F86E /* XCRemoteSwiftPackageReference "stripe-ios-spm" */;
			productName = Stripe;
		};
		879D684C2EB004D60045F86E /* StripePaymentSheet */ = {
			isa = XCSwiftPackageProductDependency;
			package = 879D68492EB004D60045F86E /* XCRemoteSwiftPackageReference "stripe-ios-spm" */;
			productName = StripePaymentSheet;
		};
		87CB52962E90242F00618C59 /* Apollo */ = {
			isa = XCSwiftPackageProductDependency;
			package = 87CB52952E90242F00618C59 /* XCRemoteSwiftPackageReference "apollo-ios" */;
			productName = Apollo;
		};
		87CB52982E90242F00618C59 /* ApolloAPI */ = {
			isa = XCSwiftPackageProductDependency;
			package = 87CB52952E90242F00618C59 /* XCRemoteSwiftPackageReference "apollo-ios" */;
			productName = ApolloAPI;
		};
		87CB529A2E90242F00618C59 /* ApolloSQLite */ = {
			isa = XCSwiftPackageProductDependency;
			package = 87CB52952E90242F00618C59 /* XCRemoteSwiftPackageReference "apollo-ios" */;
			productName = ApolloSQLite;
		};
		87CB529C2E90242F00618C59 /* ApolloWebSocket */ = {
			isa = XCSwiftPackageProductDependency;
			package = 87CB52952E90242F00618C59 /* XCRemoteSwiftPackageReference "apollo-ios" */;
			productName = ApolloWebSocket;
		};
		87D766AF2E91C0B5003D2461 /* Lottie */ = {
			isa = XCSwiftPackageProductDependency;
			package = 87D766AE2E91C0B5003D2461 /* XCRemoteSwiftPackageReference "lottie-ios" */;
			productName = Lottie;
		};
/* End XCSwiftPackageProductDependency section */
	};
	rootObject = 87F968C52E8F622A00EC1A7C /* Project object */;
}
